
Microsoft Visual Studio Solution File, Format Version 12.00
# Visual Studio 2013
VisualStudioVersion = 12.0.30501.0
MinimumVisualStudioVersion = 10.0.40219.1
Project("{FAE04EC0-301F-11D3-BF4B-00C04F79EFBC}") = "maxtan.github", "maxtan.github.csproj", "{B57A7993-8E2A-4B4C-9B55-0436A4DD603A}"
EndProject
Global
	GlobalSection(SolutionConfigurationPlatforms) = preSolution
		Debug|Any CPU = Debug|Any CPU
		Release|Any CPU = Release|Any CPU
	EndGlobalSection
	GlobalSection(ProjectConfigurationPlatforms) = postSolution
		{B57A7993-8E2A-4B4C-9B55-0436A4DD603A}.Debug|Any CPU.ActiveCfg = Debug|Any CPU
		{B57A7993-8E2A-4B4C-9B55-0436A4DD603A}.Debug|Any CPU.Build.0 = Debug|Any CPU
		{B57A7993-8E2A-4B4C-9B55-0436A4DD603A}.Release|Any CPU.ActiveCfg = Release|Any CPU
		{B57A7993-8E2A-4B4C-9B55-0436A4DD603A}.Release|Any CPU.Build.0 = Release|Any CPU
	EndGlobalSection
	GlobalSection(SolutionProperties) = preSolution
		HideSolutionNode = FALSE
	EndGlobalSection
EndGlobal
